
Microsoft Visual Studio Solution File, Format Version 12.00
# Visual Studio 15
VisualStudioVersion = 15.0.27004.2002
MinimumVisualStudioVersion = 10.0.40219.1
Project("{FAE04EC0-301F-11D3-BF4B-00C04F79EFBC}") = "POP-SF-06-2016-GUI", "POP-SF-06-2016-GUI\POP-SF-06-2016-GUI.csproj", "{F75DFB13-8DFA-414A-8765-B80B8CB5B2A6}"
EndProject
Global
	GlobalSection(SolutionConfigurationPlatforms) = preSolution
		Debug|Any CPU = Debug|Any CPU
		Release|Any CPU = Release|Any CPU
	EndGlobalSection
	GlobalSection(ProjectConfigurationPlatforms) = postSolution
		{F75DFB13-8DFA-414A-8765-B80B8CB5B2A6}.Debug|Any CPU.ActiveCfg = Debug|Any CPU
		{F75DFB13-8DFA-414A-8765-B80B8CB5B2A6}.Debug|Any CPU.Build.0 = Debug|Any CPU
		{F75DFB13-8DFA-414A-8765-B80B8CB5B2A6}.Release|Any CPU.ActiveCfg = Release|Any CPU
		{F75DFB13-8DFA-414A-8765-B80B8CB5B2A6}.Release|Any CPU.Build.0 = Release|Any CPU
	EndGlobalSection
	GlobalSection(SolutionProperties) = preSolution
		HideSolutionNode = FALSE
	EndGlobalSection
	GlobalSection(ExtensibilityGlobals) = postSolution
		SolutionGuid = {289C281B-8700-427F-AA49-52B07DFB01B6}
	EndGlobalSection
EndGlobal
