
Microsoft Visual Studio Solution File, Format Version 12.00
# Visual Studio 15
VisualStudioVersion = 15.0.27004.2002
MinimumVisualStudioVersion = 10.0.40219.1
Project("{FAE04EC0-301F-11D3-BF4B-00C04F79EFBC}") = "POP", "POP\POP.csproj", "{EFADE209-706E-4057-BBC3-48F600494246}"
EndProject
Global
	GlobalSection(SolutionConfigurationPlatforms) = preSolution
		Debug|Any CPU = Debug|Any CPU
		Release|Any CPU = Release|Any CPU
	EndGlobalSection
	GlobalSection(ProjectConfigurationPlatforms) = postSolution
		{EFADE209-706E-4057-BBC3-48F600494246}.Debug|Any CPU.ActiveCfg = Debug|Any CPU
		{EFADE209-706E-4057-BBC3-48F600494246}.Debug|Any CPU.Build.0 = Debug|Any CPU
		{EFADE209-706E-4057-BBC3-48F600494246}.Release|Any CPU.ActiveCfg = Release|Any CPU
		{EFADE209-706E-4057-BBC3-48F600494246}.Release|Any CPU.Build.0 = Release|Any CPU
	EndGlobalSection
	GlobalSection(SolutionProperties) = preSolution
		HideSolutionNode = FALSE
	EndGlobalSection
	GlobalSection(ExtensibilityGlobals) = postSolution
		SolutionGuid = {289C281B-8700-427F-AA49-52B07DFB01B6}
	EndGlobalSection
EndGlobal
